Microsoft Visual Studio Solution File, Format Version 12.00
# Visual Studio Version 17
VisualStudioVersion = 17.5.2.0
MinimumVisualStudioVersion = 10.0.40219.1
Project("{FAE04EC0-301F-11D3-BF4B-00C04F79EFBC}") = "Projeto_Web-Lh_Pets_Alunos", "Projeto_Web-Lh_Pets_Alunos.csproj", "{748BD606-8E29-12CD-61B7-95FFA62D016F}"
EndProject
Global
	GlobalSection(SolutionConfigurationPlatforms) = preSolution
		Debug|Any CPU = Debug|Any CPU
		Release|Any CPU = Release|Any CPU
	EndGlobalSection
	GlobalSection(ProjectConfigurationPlatforms) = postSolution
		{748BD606-8E29-12CD-61B7-95FFA62D016F}.Debug|Any CPU.ActiveCfg = Debug|Any CPU
		{748BD606-8E29-12CD-61B7-95FFA62D016F}.Debug|Any CPU.Build.0 = Debug|Any CPU
		{748BD606-8E29-12CD-61B7-95FFA62D016F}.Release|Any CPU.ActiveCfg = Release|Any CPU
		{748BD606-8E29-12CD-61B7-95FFA62D016F}.Release|Any CPU.Build.0 = Release|Any CPU
	EndGlobalSection
	GlobalSection(SolutionProperties) = preSolution
		HideSolutionNode = FALSE
	EndGlobalSection
	GlobalSection(ExtensibilityGlobals) = postSolution
		SolutionGuid = {5EDE3CA6-2A96-4993-BDDA-463CD476DB7E}
	EndGlobalSection
EndGlobal
